// !$*UTF8*$!
{
	archiveVersion = 1;
	classes = {
	};
	objectVersion = 46;
	objects = {

/* Begin PBXBuildFile section */
		CE9BFA2013E374E400C160E0 /* UIKit.framework in Frameworks */ = {isa = PBXBuildFile; fileRef = CE9BFA1F13E374E400C160E0 /* UIKit.framework */; };
		CE9BFA2213E374E400C160E0 /* Foundation.framework in Frameworks */ = {isa = PBXBuildFile; fileRef = CE9BFA2113E374E400C160E0 /* Foundation.framework */; };
		CE9BFA2413E374E400C160E0 /* CoreGraphics.framework in Frameworks */ = {isa = PBXBuildFile; fileRef = CE9BFA2313E374E400C160E0 /* CoreGraphics.framework */; };
		CE9BFA2A13E374E400C160E0 /* InfoPlist.strings in Resources */ = {isa = PBXBuildFile; fileRef = CE9BFA2813E374E400C160E0 /* InfoPlist.strings */; };
		CE9BFA2D13E374E400C160E0 /* main.m in Sources */ = {isa = PBXBuildFile; fileRef = CE9BFA2C13E374E400C160E0 /* main.m */; };
		CE9BFA3013E374E400C160E0 /* Programming_in_Ob_CAppDelegate.m in Sources */ = {isa = PBXBuildFile; fileRef = CE9BFA2F13E374E400C160E0 /* Programming_in_Ob_CAppDelegate.m */; };
		CE9BFA3313E374E400C160E0 /* MainWindow.xib in Resources */ = {isa = PBXBuildFile; fileRef = CE9BFA3113E374E400C160E0 /* MainWindow.xib */; };
/* End PBXBuildFile section */

/* Begin PBXFileReference section */
		CE9BFA1B13E374E400C160E0 /* Programming in Ob C.app */ = {isa = PBXFileReference; explicitFileType = wrapper.application; includeInIndex = 0; path = "Programming in Ob C.app"; sourceTree = BUILT_PRODUCTS_DIR; };
		CE9BFA1F13E374E400C160E0 /* UIKit.framework */ = {isa = PBXFileReference; lastKnownFileType = wrapper.framework; name = UIKit.framework; path = System/Library/Frameworks/UIKit.framework; sourceTree = SDKROOT; };
		CE9BFA2113E374E400C160E0 /* Foundation.framework */ = {isa = PBXFileReference; lastKnownFileType = wrapper.framework; name = Foundation.framework; path = System/Library/Frameworks/Foundation.framework; sourceTree = SDKROOT; };
		CE9BFA2313E374E400C160E0 /* CoreGraphics.framework */ = {isa = PBXFileReference; lastKnownFileType = wrapper.framework; name = CoreGraphics.framework; path = System/Library/Frameworks/CoreGraphics.framework; sourceTree = SDKROOT; };
		CE9BFA2713E374E400C160E0 /* Programming in Ob C-Info.plist */ = {isa = PBXFileReference; path = "Programming in Ob C-Info.plist"; sourceTree = "<group>"; };
		CE9BFA2913E374E400C160E0 /* en */ = {isa = PBXFileReference; lastKnownFileType = text.plist.strings; name = en; path = en.lproj/InfoPlist.strings; sourceTree = "<group>"; };
		CE9BFA2B13E374E400C160E0 /* Programming in Ob C-Prefix.pch */ = {isa = PBXFileReference; path = "Programming in Ob C-Prefix.pch"; sourceTree = "<group>"; };
		CE9BFA2C13E374E400C160E0 /* main.m */ = {isa = PBXFileReference; lastKnownFileType = sourcecode.c.objc; path = main.m; sourceTree = "<group>"; };
		CE9BFA2E13E374E400C160E0 /* Programming_in_Ob_CAppDelegate.h */ = {isa = PBXFileReference; path = Programming_in_Ob_CAppDelegate.h; sourceTree = "<group>"; };
		CE9BFA2F13E374E400C160E0 /* Programming_in_Ob_CAppDelegate.m */ = {isa = PBXFileReference; lastKnownFileType = sourcecode.c.objc; path = Programming_in_Ob_CAppDelegate.m; sourceTree = "<group>"; };
		CE9BFA3213E374E400C160E0 /* en */ = {isa = PBXFileReference; lastKnownFileType = file.xib; name = en; path = en.lproj/MainWindow.xib; sourceTree = "<group>"; };
/* End PBXFileReference section */

/* Begin PBXFrameworksBuildPhase section */
		CE9BFA1813E374E400C160E0 /* Frameworks */ = {
			isa = PBXFrameworksBuildPhase;
			buildActionMask = 2147483647;
			files = (
				CE9BFA2013E374E400C160E0 /* UIKit.framework in Frameworks */,
				CE9BFA2213E374E400C160E0 /* Foundation.framework in Frameworks */,
				CE9BFA2413E374E400C160E0 /* CoreGraphics.framework in Frameworks */,
			);
			runOnlyForDeploymentPostprocessing = 0;
		};
/* End PBXFrameworksBuildPhase section */

/* Begin PBXGroup section */
		CE9BFA1013E374E400C160E0 = {
			isa = PBXGroup;
			children = (
				CE9BFA2513E374E400C160E0 /* Programming in Ob C */,
				CE9BFA1E13E374E400C160E0 /* Frameworks */,
				CE9BFA1C13E374E400C160E0 /* Products */,
			);
			sourceTree = "<group>";
		};
		CE9BFA1C13E374E400C160E0 /* Products */ = {
			isa = PBXGroup;
			children = (
				CE9BFA1B13E374E400C160E0 /* Programming in Ob C.app */,
			);
			name = Products;
			sourceTree = "<group>";
		};
		CE9BFA1E13E374E400C160E0 /* Frameworks */ = {
			isa = PBXGroup;
			children = (
				CE9BFA1F13E374E400C160E0 /* UIKit.framework */,
				CE9BFA2113E374E400C160E0 /* Foundation.framework */,
				CE9BFA2313E374E400C160E0 /* CoreGraphics.framework */,
			);
			name = Frameworks;
			sourceTree = "<group>";
		};
		CE9BFA2513E374E400C160E0 /* Programming in Ob C */ = {
			isa = PBXGroup;
			children = (
				CE9BFA2E13E374E400C160E0 /* Programming_in_Ob_CAppDelegate.h */,
				CE9BFA2F13E374E400C160E0 /* Programming_in_Ob_CAppDelegate.m */,
				CE9BFA3113E374E400C160E0 /* MainWindow.xib */,
				CE9BFA2613E374E400C160E0 /* Supporting Files */,
			);
			path = "Programming in Ob C";
			sourceTree = "<group>";
		};
		CE9BFA2613E374E400C160E0 /* Supporting Files */ = {
			isa = PBXGroup;
			children = (
				CE9BFA2713E374E400C160E0 /* Programming in Ob C-Info.plist */,
				CE9BFA2813E374E400C160E0 /* InfoPlist.strings */,
				CE9BFA2B13E374E400C160E0 /* Programming in Ob C-Prefix.pch */,
				CE9BFA2C13E374E400C160E0 /* main.m */,
			);
			name = "Supporting Files";
			sourceTree = "<group>";
		};
/* End PBXGroup section */

/* Begin PBXNativeTarget section */
		CE9BFA1A13E374E400C160E0 /* Programming in Ob C */ = {
			isa = PBXNativeTarget;
			buildConfigurationList = CE9BFA3613E374E400C160E0 /* Build configuration list for PBXNativeTarget "Programming in Ob C" */;
			buildPhases = (
				CE9BFA1713E374E400C160E0 /* Sources */,
				CE9BFA1813E374E400C160E0 /* Frameworks */,
				CE9BFA1913E374E400C160E0 /* Resources */,
			);
			buildRules = (
			);
			dependencies = (
			);
			name = "Programming in Ob C";
			productName = "Programming in Ob C";
			productReference = CE9BFA1B13E374E400C160E0 /* Programming in Ob C.app */;
			productType = "com.apple.product-type.application";
		};
/* End PBXNativeTarget section */

/* Begin PBXProject section */
		CE9BFA1213E374E400C160E0 /* Project object */ = {
			isa = PBXProject;
			buildConfigurationList = CE9BFA1513E374E400C160E0 /* Build configuration list for PBXProject "Programming in Ob C" */;
			compatibilityVersion = "Xcode 3.2";
			developmentRegion = English;
			hasScannedForEncodings = 0;
			knownRegions = (
				en,
			);
			mainGroup = CE9BFA1013E374E400C160E0;
			productRefGroup = CE9BFA1C13E374E400C160E0 /* Products */;
			projectDirPath = "";
			projectRoot = "";
			targets = (
				CE9BFA1A13E374E400C160E0 /* Programming in Ob C */,
			);
		};
/* End PBXProject section */

/* Begin PBXResourcesBuildPhase section */
		CE9BFA1913E374E400C160E0 /* Resources */ = {
			isa = PBXResourcesBuildPhase;
			buildActionMask = 2147483647;
			files = (
				CE9BFA2A13E374E400C160E0 /* InfoPlist.strings in Resources */,
				CE9BFA3313E374E400C160E0 /* MainWindow.xib in Resources */,
			);
			runOnlyForDeploymentPostprocessing = 0;
		};
/* End PBXResourcesBuildPhase section */

/* Begin PBXSourcesBuildPhase section */
		CE9BFA1713E374E400C160E0 /* Sources */ = {
			isa = PBXSourcesBuildPhase;
			buildActionMask = 2147483647;
			files = (
				CE9BFA2D13E374E400C160E0 /* main.m in Sources */,
				CE9BFA3013E374E400C160E0 /* Programming_in_Ob_CAppDelegate.m in Sources */,
			);
			runOnlyForDeploymentPostprocessing = 0;
		};
/* End PBXSourcesBuildPhase section */

/* Begin PBXVariantGroup section */
		CE9BFA2813E374E400C160E0 /* InfoPlist.strings */ = {
			isa = PBXVariantGroup;
			children = (
				CE9BFA2913E374E400C160E0 /* en */,
			);
			name = InfoPlist.strings;
			sourceTree = "<group>";
		};
		CE9BFA3113E374E400C160E0 /* MainWindow.xib */ = {
			isa = PBXVariantGroup;
			children = (
				CE9BFA3213E374E400C160E0 /* en */,
			);
			name = MainWindow.xib;
			sourceTree = "<group>";
		};
/* End PBXVariantGroup section */

/* Begin XCBuildConfiguration section */
		CE9BFA3413E374E400C160E0 /* Debug */ = {
			isa = XCBuildConfiguration;
			buildSettings = {
				ARCHS = "$(ARCHS_STANDARD_32_BIT)";
				"CODE_SIGN_IDENTITY[sdk=iphoneos*]" = "iPhone Developer";
				GCC_C_LANGUAGE_STANDARD = gnu99;
				GCC_OPTIMIZATION_LEVEL = 0;
				GCC_PREPROCESSOR_DEFINITIONS = DEBUG;
				GCC_SYMBOLS_PRIVATE_EXTERN = NO;
				GCC_VERSION = com.apple.compilers.llvmgcc42;
				GCC_WARN_ABOUT_RETURN_TYPE = YES;
				GCC_WARN_UNUSED_VARIABLE = YES;
				IPHONEOS_DEPLOYMENT_TARGET = 4.3;
				SDKROOT = iphoneos;
			};
			name = Debug;
		};
		CE9BFA3513E374E400C160E0 /* Release */ = {
			isa = XCBuildConfiguration;
			buildSettings = {
				ARCHS = "$(ARCHS_STANDARD_32_BIT)";
				"CODE_SIGN_IDENTITY[sdk=iphoneos*]" = "iPhone Developer";
				GCC_C_LANGUAGE_STANDARD = gnu99;
				GCC_VERSION = com.apple.compilers.llvmgcc42;
				GCC_WARN_ABOUT_RETURN_TYPE = YES;
				GCC_WARN_UNUSED_VARIABLE = YES;
				IPHONEOS_DEPLOYMENT_TARGET = 4.3;
				OTHER_CFLAGS = "-DNS_BLOCK_ASSERTIONS=1";
				SDKROOT = iphoneos;
			};
			name = Release;
		};
		CE9BFA3713E374E400C160E0 /* Debug */ = {
			isa = XCBuildConfiguration;
			buildSettings = {
				ALWAYS_SEARCH_USER_PATHS = NO;
				COPY_PHASE_STRIP = NO;
				GCC_DYNAMIC_NO_PIC = NO;
				GCC_PRECOMPILE_PREFIX_HEADER = YES;
				GCC_PREFIX_HEADER = "Programming in Ob C/Programming in Ob C-Prefix.pch";
				INFOPLIST_FILE = "Programming in Ob C/Programming in Ob C-Info.plist";
				PRODUCT_NAME = "$(TARGET_NAME)";
				WRAPPER_EXTENSION = app;
			};
			name = Debug;
		};
		CE9BFA3813E374E400C160E0 /* Release */ = {
			isa = XCBuildConfiguration;
			buildSettings = {
				ALWAYS_SEARCH_USER_PATHS = NO;
				COPY_PHASE_STRIP = YES;
				GCC_PRECOMPILE_PREFIX_HEADER = YES;
				GCC_PREFIX_HEADER = "Programming in Ob C/Programming in Ob C-Prefix.pch";
				INFOPLIST_FILE = "Programming in Ob C/Programming in Ob C-Info.plist";
				PRODUCT_NAME = "$(TARGET_NAME)";
				VALIDATE_PRODUCT = YES;
				WRAPPER_EXTENSION = app;
			};
			name = Release;
		};
/* End XCBuildConfiguration section */

/* Begin XCConfigurationList section */
		CE9BFA1513E374E400C160E0 /* Build configuration list for PBXProject "Programming in Ob C" */ = {
			isa = XCConfigurationList;
			buildConfigurations = (
				CE9BFA3413E374E400C160E0 /* Debug */,
				CE9BFA3513E374E400C160E0 /* Release */,
			);
			defaultConfigurationIsVisible = 0;
			defaultConfigurationName = Release;
		};
		CE9BFA3613E374E400C160E0 /* Build configuration list for PBXNativeTarget "Programming in Ob C" */ = {
			isa = XCConfigurationList;
			buildConfigurations = (
				CE9BFA3713E374E400C160E0 /* Debug */,
				CE9BFA3813E374E400C160E0 /* Release */,
			);
			defaultConfigurationIsVisible = 0;
		};
/* End XCConfigurationList section */
	};
	rootObject = CE9BFA1213E374E400C160E0 /* Project object */;
}
